
Microsoft Visual Studio Solution File, Format Version 12.00
# Visual Studio 15
VisualStudioVersion = 15.0.26124.0
MinimumVisualStudioVersion = 15.0.26124.0
Project("{2150E333-8FDC-42A3-9474-1A3956D46DE8}") = "src", "src", "{EC668E53-D121-4FAC-8CA0-493C1BAE3254}"
EndProject
Project("{FAE04EC0-301F-11D3-BF4B-00C04F79EFBC}") = "PalTracker", "src\PalTracker\PalTracker.csproj", "{42AE001F-CE5E-4AE5-AAF4-BD3127C25E0D}"
EndProject
Project("{2150E333-8FDC-42A3-9474-1A3956D46DE8}") = "test", "test", "{B4CEF668-7157-466B-9DC5-1C852FD962BE}"
EndProject
Project("{FAE04EC0-301F-11D3-BF4B-00C04F79EFBC}") = "PalTrackerTests", "test\PalTrackerTests\PalTrackerTests.csproj", "{A72DA805-4CCB-4D16-A5DA-B095400E1253}"
EndProject
Global
	GlobalSection(SolutionConfigurationPlatforms) = preSolution
		Debug|Any CPU = Debug|Any CPU
		Debug|x64 = Debug|x64
		Debug|x86 = Debug|x86
		Release|Any CPU = Release|Any CPU
		Release|x64 = Release|x64
		Release|x86 = Release|x86
	EndGlobalSection
	GlobalSection(SolutionProperties) = preSolution
		HideSolutionNode = FALSE
	EndGlobalSection
	GlobalSection(ProjectConfigurationPlatforms) = postSolution
		{42AE001F-CE5E-4AE5-AAF4-BD3127C25E0D}.Debug|Any CPU.ActiveCfg = Debug|Any CPU
		{42AE001F-CE5E-4AE5-AAF4-BD3127C25E0D}.Debug|Any CPU.Build.0 = Debug|Any CPU
		{42AE001F-CE5E-4AE5-AAF4-BD3127C25E0D}.Debug|x64.ActiveCfg = Debug|Any CPU
		{42AE001F-CE5E-4AE5-AAF4-BD3127C25E0D}.Debug|x64.Build.0 = Debug|Any CPU
		{42AE001F-CE5E-4AE5-AAF4-BD3127C25E0D}.Debug|x86.ActiveCfg = Debug|Any CPU
		{42AE001F-CE5E-4AE5-AAF4-BD3127C25E0D}.Debug|x86.Build.0 = Debug|Any CPU
		{42AE001F-CE5E-4AE5-AAF4-BD3127C25E0D}.Release|Any CPU.ActiveCfg = Release|Any CPU
		{42AE001F-CE5E-4AE5-AAF4-BD3127C25E0D}.Release|Any CPU.Build.0 = Release|Any CPU
		{42AE001F-CE5E-4AE5-AAF4-BD3127C25E0D}.Release|x64.ActiveCfg = Release|Any CPU
		{42AE001F-CE5E-4AE5-AAF4-BD3127C25E0D}.Release|x64.Build.0 = Release|Any CPU
		{42AE001F-CE5E-4AE5-AAF4-BD3127C25E0D}.Release|x86.ActiveCfg = Release|Any CPU
		{42AE001F-CE5E-4AE5-AAF4-BD3127C25E0D}.Release|x86.Build.0 = Release|Any CPU
		{A72DA805-4CCB-4D16-A5DA-B095400E1253}.Debug|Any CPU.ActiveCfg = Debug|Any CPU
		{A72DA805-4CCB-4D16-A5DA-B095400E1253}.Debug|Any CPU.Build.0 = Debug|Any CPU
		{A72DA805-4CCB-4D16-A5DA-B095400E1253}.Debug|x64.ActiveCfg = Debug|Any CPU
		{A72DA805-4CCB-4D16-A5DA-B095400E1253}.Debug|x64.Build.0 = Debug|Any CPU
		{A72DA805-4CCB-4D16-A5DA-B095400E1253}.Debug|x86.ActiveCfg = Debug|Any CPU
		{A72DA805-4CCB-4D16-A5DA-B095400E1253}.Debug|x86.Build.0 = Debug|Any CPU
		{A72DA805-4CCB-4D16-A5DA-B095400E1253}.Release|Any CPU.ActiveCfg = Release|Any CPU
		{A72DA805-4CCB-4D16-A5DA-B095400E1253}.Release|Any CPU.Build.0 = Release|Any CPU
		{A72DA805-4CCB-4D16-A5DA-B095400E1253}.Release|x64.ActiveCfg = Release|Any CPU
		{A72DA805-4CCB-4D16-A5DA-B095400E1253}.Release|x64.Build.0 = Release|Any CPU
		{A72DA805-4CCB-4D16-A5DA-B095400E1253}.Release|x86.ActiveCfg = Release|Any CPU
		{A72DA805-4CCB-4D16-A5DA-B095400E1253}.Release|x86.Build.0 = Release|Any CPU
	EndGlobalSection
	GlobalSection(NestedProjects) = preSolution
		{42AE001F-CE5E-4AE5-AAF4-BD3127C25E0D} = {EC668E53-D121-4FAC-8CA0-493C1BAE3254}
		{A72DA805-4CCB-4D16-A5DA-B095400E1253} = {B4CEF668-7157-466B-9DC5-1C852FD962BE}
	EndGlobalSection
EndGlobal
